
Microsoft Visual Studio Solution File, Format Version 12.00
# Visual Studio Version 17
VisualStudioVersion = 17.9.34607.119
MinimumVisualStudioVersion = 10.0.40219.1
Project("{FAE04EC0-301F-11D3-BF4B-00C04F79EFBC}") = "WebApplication1", "WebApplication1\WebApplication1.csproj", "{75053B2F-E634-4ACB-A5BD-677371E5F960}"
EndProject
Global
	GlobalSection(SolutionConfigurationPlatforms) = preSolution
		Debug|Any CPU = Debug|Any CPU
		Release|Any CPU = Release|Any CPU
	EndGlobalSection
	GlobalSection(ProjectConfigurationPlatforms) = postSolution
		{75053B2F-E634-4ACB-A5BD-677371E5F960}.Debug|Any CPU.ActiveCfg = Debug|Any CPU
		{75053B2F-E634-4ACB-A5BD-677371E5F960}.Debug|Any CPU.Build.0 = Debug|Any CPU
		{75053B2F-E634-4ACB-A5BD-677371E5F960}.Release|Any CPU.ActiveCfg = Release|Any CPU
		{75053B2F-E634-4ACB-A5BD-677371E5F960}.Release|Any CPU.Build.0 = Release|Any CPU
	EndGlobalSection
	GlobalSection(SolutionProperties) = preSolution
		HideSolutionNode = FALSE
	EndGlobalSection
	GlobalSection(ExtensibilityGlobals) = postSolution
		SolutionGuid = {82C6ED2C-1C7D-49DF-B101-2224DE398A13}
	EndGlobalSection
EndGlobal
